{
  "name": "strapi-plugin-ckeditor5",
  "version": "1.13.0",
  "lockfileVersion": 2,
  "requires": true,
  "packages": {
    "": {
      "version": "1.13.0",
      "license": "MIT",
      "dependencies": {
        "@ckeditor/ckeditor5-react": "^3.0.2",
        "ckeditor5-build-strapi-wysiwyg": "^1.13.0"
      },
      "engines": {
        "node": ">=10.0.0",
        "npm": ">=6.0.0"
      }
    },
    "node_modules/@ckeditor/ckeditor5-clipboard": {
      "version": "28.0.0",
      "resolved": "https://registry.npmjs.org/@ckeditor/ckeditor5-clipboard/-/ckeditor5-clipboard-28.0.0.tgz",
      "integrity": "sha512-6GMxTeQGwrnSdolRvfYL2NCmOz4VMuyzkYAbNuug6UVVdIhukk4u65UjThvj18dNqK4d58DCJg2X3hg9PN3VjQ==",
      "dependencies": {
        "@ckeditor/ckeditor5-core": "^28.0.0",
        "@ckeditor/ckeditor5-engine": "^28.0.0",
        "@ckeditor/ckeditor5-utils": "^28.0.0",
        "@ckeditor/ckeditor5-widget": "^28.0.0",
        "lodash-es": "^4.17.11"
      },
      "engines": {
        "node": ">=12.0.0",
        "npm": ">=5.7.1"
      }
    },
    "node_modules/@ckeditor/ckeditor5-core": {
      "version": "28.0.0",
      "resolved": "https://registry.npmjs.org/@ckeditor/ckeditor5-core/-/ckeditor5-core-28.0.0.tgz",
      "integrity": "sha512-uUPT/GC82x+c3CdDvbT6SyAeF8Yuc8enRmIWxmQYsivY4Tp8epaRWhI76qjQkyd2/cyj9L0LzdvQ2sf5VNwQSA==",
      "dependencies": {
        "@ckeditor/ckeditor5-engine": "^28.0.0",
        "@ckeditor/ckeditor5-ui": "^28.0.0",
        "@ckeditor/ckeditor5-utils": "^28.0.0",
        "lodash-es": "^4.17.15"
      },
      "engines": {
        "node": ">=12.0.0",
        "npm": ">=5.7.1"
      }
    },
    "node_modules/@ckeditor/ckeditor5-engine": {
      "version": "28.0.0",
      "resolved": "https://registry.npmjs.org/@ckeditor/ckeditor5-engine/-/ckeditor5-engine-28.0.0.tgz",
      "integrity": "sha512-XTw33NCS531HDiVKlkmrgu2Jkeum4j+iqKKdGmPnt1T6qKVIFaXn0S31xNSIBLUJioeIoN3Tg9Y4WmJwQtiVEw==",
      "dependencies": {
        "@ckeditor/ckeditor5-utils": "^28.0.0",
        "lodash-es": "^4.17.15"
      },
      "engines": {
        "node": ">=12.0.0",
        "npm": ">=5.7.1"
      }
    },
    "node_modules/@ckeditor/ckeditor5-enter": {
      "version": "28.0.0",
      "resolved": "https://registry.npmjs.org/@ckeditor/ckeditor5-enter/-/ckeditor5-enter-28.0.0.tgz",
      "integrity": "sha512-SnvryPNHHGbC+j4pForWrHlU8SMYbTrBDgFNssEHwXS2v28NmLKZ+LGE9FVG3VAvF5yZmgVCxT3AtThdRYRjlQ==",
      "dependencies": {
        "@ckeditor/ckeditor5-core": "^28.0.0",
        "@ckeditor/ckeditor5-engine": "^28.0.0",
        "@ckeditor/ckeditor5-utils": "^28.0.0"
      },
      "engines": {
        "node": ">=12.0.0",
        "npm": ">=5.7.1"
      }
    },
    "node_modules/@ckeditor/ckeditor5-paragraph": {
      "version": "28.0.0",
      "resolved": "https://registry.npmjs.org/@ckeditor/ckeditor5-paragraph/-/ckeditor5-paragraph-28.0.0.tgz",
      "integrity": "sha512-tLKtgkzhTYteoOSThPJRsMGVD4dqTtguXEKEdKJdnFcgiU8iBf8vNOenFmc2kUPSU8DeVa1Mj9VgsofKa1fsfg==",
      "dependencies": {
        "@ckeditor/ckeditor5-core": "^28.0.0",
        "@ckeditor/ckeditor5-ui": "^28.0.0",
        "@ckeditor/ckeditor5-utils": "^28.0.0"
      },
      "engines": {
        "node": ">=12.0.0",
        "npm": ">=5.7.1"
      }
    },
    "node_modules/@ckeditor/ckeditor5-react": {
      "version": "3.0.2",
      "resolved": "https://registry.npmjs.org/@ckeditor/ckeditor5-react/-/ckeditor5-react-3.0.2.tgz",
      "integrity": "sha512-hOAREzVUp8dwE8vV8qgxIGBOJzaxCm8N2aEhtbCq6QZbGLW9dckdfGKVmbtgEnCQgueVXEUqfDyUIXM6LtXDHA==",
      "dependencies": {
        "prop-types": "^15.7.2"
      },
      "engines": {
        "node": ">=8.0.0",
        "npm": ">=5.7.1"
      },
      "peerDependencies": {
        "react": "^16.13.1 || ^17.0.0"
      }
    },
    "node_modules/@ckeditor/ckeditor5-remove-format": {
      "version": "28.0.0",
      "resolved": "https://registry.npmjs.org/@ckeditor/ckeditor5-remove-format/-/ckeditor5-remove-format-28.0.0.tgz",
      "integrity": "sha512-az+EvBx79pf3i5lyh1m37R+2hU5oaLd4iIReFwbkdGuSlXymaTrgjG1//6AA+9Plm5+jwwrxvfQOXEdOHxv2fw==",
      "dependencies": {
        "ckeditor5": "^28.0.0"
      },
      "engines": {
        "node": ">=12.0.0",
        "npm": ">=5.7.1"
      }
    },
    "node_modules/@ckeditor/ckeditor5-select-all": {
      "version": "28.0.0",
      "resolved": "https://registry.npmjs.org/@ckeditor/ckeditor5-select-all/-/ckeditor5-select-all-28.0.0.tgz",
      "integrity": "sha512-U5MUGcaOrnTD/WrJa169EowIHMmiHaGsnXd+wkxNJ2xorqXajFxr1zWP4UFKQFoPJ0+ENp+5oOYjOJSadIus5Q==",
      "dependencies": {
        "@ckeditor/ckeditor5-core": "^28.0.0",
        "@ckeditor/ckeditor5-ui": "^28.0.0",
        "@ckeditor/ckeditor5-utils": "^28.0.0"
      },
      "engines": {
        "node": ">=12.0.0",
        "npm": ">=5.7.1"
      }
    },
    "node_modules/@ckeditor/ckeditor5-typing": {
      "version": "28.0.0",
      "resolved": "https://registry.npmjs.org/@ckeditor/ckeditor5-typing/-/ckeditor5-typing-28.0.0.tgz",
      "integrity": "sha512-LB5S0hZCnlOYeNDoZhyshsipUlCK2cLVW1gk9fLHixETrERBufMEtEFJjr8hoFFaBbPLG1G5hGoLa8WIeDS/MA==",
      "dependencies": {
        "@ckeditor/ckeditor5-core": "^28.0.0",
        "@ckeditor/ckeditor5-engine": "^28.0.0",
        "@ckeditor/ckeditor5-utils": "^28.0.0",
        "lodash-es": "^4.17.15"
      },
      "engines": {
        "node": ">=12.0.0",
        "npm": ">=5.7.1"
      }
    },
    "node_modules/@ckeditor/ckeditor5-ui": {
      "version": "28.0.0",
      "resolved": "https://registry.npmjs.org/@ckeditor/ckeditor5-ui/-/ckeditor5-ui-28.0.0.tgz",
      "integrity": "sha512-lPG/yx9DEkOt98TxIuUFkWbGsb73jGMA9BmiQ5jwHkQTbDh3W6gaNDTsxG+MOG3sbTJH+4S+4jYk35B6sjtZqw==",
      "dependencies": {
        "@ckeditor/ckeditor5-utils": "^28.0.0",
        "ckeditor5": "^28.0.0",
        "lodash-es": "^4.17.15"
      },
      "engines": {
        "node": ">=12.0.0",
        "npm": ">=5.7.1"
      }
    },
    "node_modules/@ckeditor/ckeditor5-undo": {
      "version": "28.0.0",
      "resolved": "https://registry.npmjs.org/@ckeditor/ckeditor5-undo/-/ckeditor5-undo-28.0.0.tgz",
      "integrity": "sha512-aIQSm4qunN2m0nLO0N5tGnyN8rurU1Ogl75PTY0NwbSXNJMDLgUziPE0O/G7S+3n0CipQaasNJySk5bEoCrMbg==",
      "dependencies": {
        "@ckeditor/ckeditor5-core": "^28.0.0",
        "@ckeditor/ckeditor5-engine": "^28.0.0",
        "@ckeditor/ckeditor5-ui": "^28.0.0"
      },
      "engines": {
        "node": ">=12.0.0",
        "npm": ">=5.7.1"
      }
    },
    "node_modules/@ckeditor/ckeditor5-upload": {
      "version": "28.0.0",
      "resolved": "https://registry.npmjs.org/@ckeditor/ckeditor5-upload/-/ckeditor5-upload-28.0.0.tgz",
      "integrity": "sha512-1tzQeep+Mw31G6ISsj2E02iyGEmIConaDhPvKRZGJxskUO3Yx5BJewSMemJK1i/62YFnrci1r3hjDZR9PCqUlQ==",
      "dependencies": {
        "@ckeditor/ckeditor5-core": "^28.0.0",
        "@ckeditor/ckeditor5-ui": "^28.0.0",
        "@ckeditor/ckeditor5-utils": "^28.0.0"
      },
      "engines": {
        "node": ">=12.0.0",
        "npm": ">=5.7.1"
      }
    },
    "node_modules/@ckeditor/ckeditor5-utils": {
      "version": "28.0.0",
      "resolved": "https://registry.npmjs.org/@ckeditor/ckeditor5-utils/-/ckeditor5-utils-28.0.0.tgz",
      "integrity": "sha512-hENpbxMPZtC+UfcBeZxc44+RQYBTBZruDIC+ycUZ5c6RQKQdAWeDDU0t3OyFAnvaMg64NlYgVAej17R2se7ycQ==",
      "dependencies": {
        "lodash-es": "^4.17.15"
      },
      "engines": {
        "node": ">=12.0.0",
        "npm": ">=5.7.1"
      }
    },
    "node_modules/@ckeditor/ckeditor5-widget": {
      "version": "28.0.0",
      "resolved": "https://registry.npmjs.org/@ckeditor/ckeditor5-widget/-/ckeditor5-widget-28.0.0.tgz",
      "integrity": "sha512-zfIdzthSCMAceIVECd2BiGc94lMUQ//ClGAW8KjBqGKIT3XQAkCNL+aeQFHAVc6LCuOqoSPAtaDB7hmivP/1SQ==",
      "dependencies": {
        "@ckeditor/ckeditor5-core": "^28.0.0",
        "@ckeditor/ckeditor5-engine": "^28.0.0",
        "@ckeditor/ckeditor5-enter": "^28.0.0",
        "@ckeditor/ckeditor5-typing": "^28.0.0",
        "@ckeditor/ckeditor5-ui": "^28.0.0",
        "@ckeditor/ckeditor5-utils": "^28.0.0",
        "lodash-es": "^4.17.15"
      },
      "engines": {
        "node": ">=12.0.0",
        "npm": ">=5.7.1"
      }
    },
    "node_modules/ckeditor5": {
      "version": "28.0.0",
      "resolved": "https://registry.npmjs.org/ckeditor5/-/ckeditor5-28.0.0.tgz",
      "integrity": "sha512-88dGpRV5X732rvsBv22GgVc87uAH8TwPh5SjZG6e1kqvbYldMZQlQcamm+FiVk+5ARtYZyx5HXvN2jc+XUtH4A==",
      "dependencies": {
        "@ckeditor/ckeditor5-clipboard": "^28.0.0",
        "@ckeditor/ckeditor5-core": "^28.0.0",
        "@ckeditor/ckeditor5-engine": "^28.0.0",
        "@ckeditor/ckeditor5-enter": "^28.0.0",
        "@ckeditor/ckeditor5-paragraph": "^28.0.0",
        "@ckeditor/ckeditor5-select-all": "^28.0.0",
        "@ckeditor/ckeditor5-typing": "^28.0.0",
        "@ckeditor/ckeditor5-ui": "^28.0.0",
        "@ckeditor/ckeditor5-undo": "^28.0.0",
        "@ckeditor/ckeditor5-upload": "^28.0.0",
        "@ckeditor/ckeditor5-utils": "^28.0.0",
        "@ckeditor/ckeditor5-widget": "^28.0.0"
      },
      "engines": {
        "node": ">=12.0.0",
        "npm": ">=5.7.1"
      }
    },
    "node_modules/ckeditor5-build-strapi-wysiwyg": {
      "version": "1.13.0",
      "resolved": "https://registry.npmjs.org/ckeditor5-build-strapi-wysiwyg/-/ckeditor5-build-strapi-wysiwyg-1.13.0.tgz",
      "integrity": "sha512-T9h/1AJpqXedtUNAjVHslhOZuUpsKET1RjVrfhsBM2d1cOge4Zuu/4mQFxQcLzSUXGHLZ5ahbkpQtUFTakAQqg==",
      "dependencies": {
        "@ckeditor/ckeditor5-remove-format": "^28.0.0"
      },
      "engines": {
        "node": ">=12.0.0",
        "npm": ">=5.7.1"
      }
    },
    "node_modules/js-tokens": {
      "version": "4.0.0",
      "resolved": "https://registry.npmjs.org/js-tokens/-/js-tokens-4.0.0.tgz",
      "integrity": "sha512-RdJUflcE3cUzKiMqQgsCu06FPu9UdIJO0beYbPhHN4k6apgJtifcoCtT9bcxOpYBtpD2kCM6Sbzg4CausW/PKQ=="
    },
    "node_modules/lodash-es": {
      "version": "4.17.21",
      "resolved": "https://registry.npmjs.org/lodash-es/-/lodash-es-4.17.21.tgz",
      "integrity": "sha512-mKnC+QJ9pWVzv+C4/U3rRsHapFfHvQFoFB92e52xeyGMcX6/OlIl78je1u8vePzYZSkkogMPJ2yjxxsb89cxyw=="
    },
    "node_modules/loose-envify": {
      "version": "1.4.0",
      "resolved": "https://registry.npmjs.org/loose-envify/-/loose-envify-1.4.0.tgz",
      "integrity": "sha512-lyuxPGr/Wfhrlem2CL/UcnUc1zcqKAImBDzukY7Y5F/yQiNdko6+fRLevlw1HgMySw7f611UIY408EtxRSoK3Q==",
      "dependencies": {
        "js-tokens": "^3.0.0 || ^4.0.0"
      },
      "bin": {
        "loose-envify": "cli.js"
      }
    },
    "node_modules/object-assign": {
      "version": "4.1.1",
      "resolved": "https://registry.npmjs.org/object-assign/-/object-assign-4.1.1.tgz",
      "integrity": "sha1-IQmtx5ZYh8/AXLvUQsrIv7s2CGM=",
      "engines": {
        "node": ">=0.10.0"
      }
    },
    "node_modules/prop-types": {
      "version": "15.7.2",
      "resolved": "https://registry.npmjs.org/prop-types/-/prop-types-15.7.2.tgz",
      "integrity": "sha512-8QQikdH7//R2vurIJSutZ1smHYTcLpRWEOlHnzcWHmBYrOGUysKwSsrC89BCiFj3CbrfJ/nXFdJepOVrY1GCHQ==",
      "dependencies": {
        "loose-envify": "^1.4.0",
        "object-assign": "^4.1.1",
        "react-is": "^16.8.1"
      }
    },
    "node_modules/react-is": {
      "version": "16.13.1",
      "resolved": "https://registry.npmjs.org/react-is/-/react-is-16.13.1.tgz",
      "integrity": "sha512-24e6ynE2H+OKt4kqsOvNd8kBpV65zoxbA4BVsEOB3ARVWQki/DHzaUoC5KuON/BiccDaCCTZBuOcfZs70kR8bQ=="
    }
  },
  "dependencies": {
    "@ckeditor/ckeditor5-clipboard": {
      "version": "28.0.0",
      "resolved": "https://registry.npmjs.org/@ckeditor/ckeditor5-clipboard/-/ckeditor5-clipboard-28.0.0.tgz",
      "integrity": "sha512-6GMxTeQGwrnSdolRvfYL2NCmOz4VMuyzkYAbNuug6UVVdIhukk4u65UjThvj18dNqK4d58DCJg2X3hg9PN3VjQ==",
      "requires": {
        "@ckeditor/ckeditor5-core": "^28.0.0",
        "@ckeditor/ckeditor5-engine": "^28.0.0",
        "@ckeditor/ckeditor5-utils": "^28.0.0",
        "@ckeditor/ckeditor5-widget": "^28.0.0",
        "lodash-es": "^4.17.11"
      }
    },
    "@ckeditor/ckeditor5-core": {
      "version": "28.0.0",
      "resolved": "https://registry.npmjs.org/@ckeditor/ckeditor5-core/-/ckeditor5-core-28.0.0.tgz",
      "integrity": "sha512-uUPT/GC82x+c3CdDvbT6SyAeF8Yuc8enRmIWxmQYsivY4Tp8epaRWhI76qjQkyd2/cyj9L0LzdvQ2sf5VNwQSA==",
      "requires": {
        "@ckeditor/ckeditor5-engine": "^28.0.0",
        "@ckeditor/ckeditor5-ui": "^28.0.0",
        "@ckeditor/ckeditor5-utils": "^28.0.0",
        "lodash-es": "^4.17.15"
      }
    },
    "@ckeditor/ckeditor5-engine": {
      "version": "28.0.0",
      "resolved": "https://registry.npmjs.org/@ckeditor/ckeditor5-engine/-/ckeditor5-engine-28.0.0.tgz",
      "integrity": "sha512-XTw33NCS531HDiVKlkmrgu2Jkeum4j+iqKKdGmPnt1T6qKVIFaXn0S31xNSIBLUJioeIoN3Tg9Y4WmJwQtiVEw==",
      "requires": {
        "@ckeditor/ckeditor5-utils": "^28.0.0",
        "lodash-es": "^4.17.15"
      }
    },
    "@ckeditor/ckeditor5-enter": {
      "version": "28.0.0",
      "resolved": "https://registry.npmjs.org/@ckeditor/ckeditor5-enter/-/ckeditor5-enter-28.0.0.tgz",
      "integrity": "sha512-SnvryPNHHGbC+j4pForWrHlU8SMYbTrBDgFNssEHwXS2v28NmLKZ+LGE9FVG3VAvF5yZmgVCxT3AtThdRYRjlQ==",
      "requires": {
        "@ckeditor/ckeditor5-core": "^28.0.0",
        "@ckeditor/ckeditor5-engine": "^28.0.0",
        "@ckeditor/ckeditor5-utils": "^28.0.0"
      }
    },
    "@ckeditor/ckeditor5-paragraph": {
      "version": "28.0.0",
      "resolved": "https://registry.npmjs.org/@ckeditor/ckeditor5-paragraph/-/ckeditor5-paragraph-28.0.0.tgz",
      "integrity": "sha512-tLKtgkzhTYteoOSThPJRsMGVD4dqTtguXEKEdKJdnFcgiU8iBf8vNOenFmc2kUPSU8DeVa1Mj9VgsofKa1fsfg==",
      "requires": {
        "@ckeditor/ckeditor5-core": "^28.0.0",
        "@ckeditor/ckeditor5-ui": "^28.0.0",
        "@ckeditor/ckeditor5-utils": "^28.0.0"
      }
    },
    "@ckeditor/ckeditor5-react": {
      "version": "3.0.2",
      "resolved": "https://registry.npmjs.org/@ckeditor/ckeditor5-react/-/ckeditor5-react-3.0.2.tgz",
      "integrity": "sha512-hOAREzVUp8dwE8vV8qgxIGBOJzaxCm8N2aEhtbCq6QZbGLW9dckdfGKVmbtgEnCQgueVXEUqfDyUIXM6LtXDHA==",
      "requires": {
        "prop-types": "^15.7.2"
      }
    },
    "@ckeditor/ckeditor5-remove-format": {
      "version": "28.0.0",
      "resolved": "https://registry.npmjs.org/@ckeditor/ckeditor5-remove-format/-/ckeditor5-remove-format-28.0.0.tgz",
      "integrity": "sha512-az+EvBx79pf3i5lyh1m37R+2hU5oaLd4iIReFwbkdGuSlXymaTrgjG1//6AA+9Plm5+jwwrxvfQOXEdOHxv2fw==",
      "requires": {
        "ckeditor5": "^28.0.0"
      }
    },
    "@ckeditor/ckeditor5-select-all": {
      "version": "28.0.0",
      "resolved": "https://registry.npmjs.org/@ckeditor/ckeditor5-select-all/-/ckeditor5-select-all-28.0.0.tgz",
      "integrity": "sha512-U5MUGcaOrnTD/WrJa169EowIHMmiHaGsnXd+wkxNJ2xorqXajFxr1zWP4UFKQFoPJ0+ENp+5oOYjOJSadIus5Q==",
      "requires": {
        "@ckeditor/ckeditor5-core": "^28.0.0",
        "@ckeditor/ckeditor5-ui": "^28.0.0",
        "@ckeditor/ckeditor5-utils": "^28.0.0"
      }
    },
    "@ckeditor/ckeditor5-typing": {
      "version": "28.0.0",
      "resolved": "https://registry.npmjs.org/@ckeditor/ckeditor5-typing/-/ckeditor5-typing-28.0.0.tgz",
      "integrity": "sha512-LB5S0hZCnlOYeNDoZhyshsipUlCK2cLVW1gk9fLHixETrERBufMEtEFJjr8hoFFaBbPLG1G5hGoLa8WIeDS/MA==",
      "requires": {
        "@ckeditor/ckeditor5-core": "^28.0.0",
        "@ckeditor/ckeditor5-engine": "^28.0.0",
        "@ckeditor/ckeditor5-utils": "^28.0.0",
        "lodash-es": "^4.17.15"
      }
    },
    "@ckeditor/ckeditor5-ui": {
      "version": "28.0.0",
      "resolved": "https://registry.npmjs.org/@ckeditor/ckeditor5-ui/-/ckeditor5-ui-28.0.0.tgz",
      "integrity": "sha512-lPG/yx9DEkOt98TxIuUFkWbGsb73jGMA9BmiQ5jwHkQTbDh3W6gaNDTsxG+MOG3sbTJH+4S+4jYk35B6sjtZqw==",
      "requires": {
        "@ckeditor/ckeditor5-utils": "^28.0.0",
        "ckeditor5": "^28.0.0",
        "lodash-es": "^4.17.15"
      }
    },
    "@ckeditor/ckeditor5-undo": {
      "version": "28.0.0",
      "resolved": "https://registry.npmjs.org/@ckeditor/ckeditor5-undo/-/ckeditor5-undo-28.0.0.tgz",
      "integrity": "sha512-aIQSm4qunN2m0nLO0N5tGnyN8rurU1Ogl75PTY0NwbSXNJMDLgUziPE0O/G7S+3n0CipQaasNJySk5bEoCrMbg==",
      "requires": {
        "@ckeditor/ckeditor5-core": "^28.0.0",
        "@ckeditor/ckeditor5-engine": "^28.0.0",
        "@ckeditor/ckeditor5-ui": "^28.0.0"
      }
    },
    "@ckeditor/ckeditor5-upload": {
      "version": "28.0.0",
      "resolved": "https://registry.npmjs.org/@ckeditor/ckeditor5-upload/-/ckeditor5-upload-28.0.0.tgz",
      "integrity": "sha512-1tzQeep+Mw31G6ISsj2E02iyGEmIConaDhPvKRZGJxskUO3Yx5BJewSMemJK1i/62YFnrci1r3hjDZR9PCqUlQ==",
      "requires": {
        "@ckeditor/ckeditor5-core": "^28.0.0",
        "@ckeditor/ckeditor5-ui": "^28.0.0",
        "@ckeditor/ckeditor5-utils": "^28.0.0"
      }
    },
    "@ckeditor/ckeditor5-utils": {
      "version": "28.0.0",
      "resolved": "https://registry.npmjs.org/@ckeditor/ckeditor5-utils/-/ckeditor5-utils-28.0.0.tgz",
      "integrity": "sha512-hENpbxMPZtC+UfcBeZxc44+RQYBTBZruDIC+ycUZ5c6RQKQdAWeDDU0t3OyFAnvaMg64NlYgVAej17R2se7ycQ==",
      "requires": {
        "lodash-es": "^4.17.15"
      }
    },
    "@ckeditor/ckeditor5-widget": {
      "version": "28.0.0",
      "resolved": "https://registry.npmjs.org/@ckeditor/ckeditor5-widget/-/ckeditor5-widget-28.0.0.tgz",
      "integrity": "sha512-zfIdzthSCMAceIVECd2BiGc94lMUQ//ClGAW8KjBqGKIT3XQAkCNL+aeQFHAVc6LCuOqoSPAtaDB7hmivP/1SQ==",
      "requires": {
        "@ckeditor/ckeditor5-core": "^28.0.0",
        "@ckeditor/ckeditor5-engine": "^28.0.0",
        "@ckeditor/ckeditor5-enter": "^28.0.0",
        "@ckeditor/ckeditor5-typing": "^28.0.0",
        "@ckeditor/ckeditor5-ui": "^28.0.0",
        "@ckeditor/ckeditor5-utils": "^28.0.0",
        "lodash-es": "^4.17.15"
      }
    },
    "ckeditor5": {
      "version": "28.0.0",
      "resolved": "https://registry.npmjs.org/ckeditor5/-/ckeditor5-28.0.0.tgz",
      "integrity": "sha512-88dGpRV5X732rvsBv22GgVc87uAH8TwPh5SjZG6e1kqvbYldMZQlQcamm+FiVk+5ARtYZyx5HXvN2jc+XUtH4A==",
      "requires": {
        "@ckeditor/ckeditor5-clipboard": "^28.0.0",
        "@ckeditor/ckeditor5-core": "^28.0.0",
        "@ckeditor/ckeditor5-engine": "^28.0.0",
        "@ckeditor/ckeditor5-enter": "^28.0.0",
        "@ckeditor/ckeditor5-paragraph": "^28.0.0",
        "@ckeditor/ckeditor5-select-all": "^28.0.0",
        "@ckeditor/ckeditor5-typing": "^28.0.0",
        "@ckeditor/ckeditor5-ui": "^28.0.0",
        "@ckeditor/ckeditor5-undo": "^28.0.0",
        "@ckeditor/ckeditor5-upload": "^28.0.0",
        "@ckeditor/ckeditor5-utils": "^28.0.0",
        "@ckeditor/ckeditor5-widget": "^28.0.0"
      }
    },
    "ckeditor5-build-strapi-wysiwyg": {
      "version": "1.13.0",
      "resolved": "https://registry.npmjs.org/ckeditor5-build-strapi-wysiwyg/-/ckeditor5-build-strapi-wysiwyg-1.13.0.tgz",
      "integrity": "sha512-T9h/1AJpqXedtUNAjVHslhOZuUpsKET1RjVrfhsBM2d1cOge4Zuu/4mQFxQcLzSUXGHLZ5ahbkpQtUFTakAQqg==",
      "requires": {
        "@ckeditor/ckeditor5-remove-format": "^28.0.0"
      }
    },
    "js-tokens": {
      "version": "4.0.0",
      "resolved": "https://registry.npmjs.org/js-tokens/-/js-tokens-4.0.0.tgz",
      "integrity": "sha512-RdJUflcE3cUzKiMqQgsCu06FPu9UdIJO0beYbPhHN4k6apgJtifcoCtT9bcxOpYBtpD2kCM6Sbzg4CausW/PKQ=="
    },
    "lodash-es": {
      "version": "4.17.21",
      "resolved": "https://registry.npmjs.org/lodash-es/-/lodash-es-4.17.21.tgz",
      "integrity": "sha512-mKnC+QJ9pWVzv+C4/U3rRsHapFfHvQFoFB92e52xeyGMcX6/OlIl78je1u8vePzYZSkkogMPJ2yjxxsb89cxyw=="
    },
    "loose-envify": {
      "version": "1.4.0",
      "resolved": "https://registry.npmjs.org/loose-envify/-/loose-envify-1.4.0.tgz",
      "integrity": "sha512-lyuxPGr/Wfhrlem2CL/UcnUc1zcqKAImBDzukY7Y5F/yQiNdko6+fRLevlw1HgMySw7f611UIY408EtxRSoK3Q==",
      "requires": {
        "js-tokens": "^3.0.0 || ^4.0.0"
      }
    },
    "object-assign": {
      "version": "4.1.1",
      "resolved": "https://registry.npmjs.org/object-assign/-/object-assign-4.1.1.tgz",
      "integrity": "sha1-IQmtx5ZYh8/AXLvUQsrIv7s2CGM="
    },
    "prop-types": {
      "version": "15.7.2",
      "resolved": "https://registry.npmjs.org/prop-types/-/prop-types-15.7.2.tgz",
      "integrity": "sha512-8QQikdH7//R2vurIJSutZ1smHYTcLpRWEOlHnzcWHmBYrOGUysKwSsrC89BCiFj3CbrfJ/nXFdJepOVrY1GCHQ==",
      "requires": {
        "loose-envify": "^1.4.0",
        "object-assign": "^4.1.1",
        "react-is": "^16.8.1"
      }
    },
    "react-is": {
      "version": "16.13.1",
      "resolved": "https://registry.npmjs.org/react-is/-/react-is-16.13.1.tgz",
      "integrity": "sha512-24e6ynE2H+OKt4kqsOvNd8kBpV65zoxbA4BVsEOB3ARVWQki/DHzaUoC5KuON/BiccDaCCTZBuOcfZs70kR8bQ=="
    }
  }
}
